
Microsoft Visual Studio Solution File, Format Version 12.00
# Visual Studio Version 17
VisualStudioVersion = 17.4.33205.214
MinimumVisualStudioVersion = 10.0.40219.1
Project("{FAE04EC0-301F-11D3-BF4B-00C04F79EFBC}") = "Ecomm_Book_1031", "Ecomm_Book_1031\Ecomm_Book_1031.csproj", "{4674C8BB-0587-43D2-9CC9-BE68EA919460}"
EndProject
Project("{FAE04EC0-301F-11D3-BF4B-00C04F79EFBC}") = "Ecomm_Book_1031.Models", "Ecomm_Book_1031.Models\Ecomm_Book_1031.Models.csproj", "{C8A34457-49A4-41C9-AC67-8F2131C6B5F4}"
EndProject
Project("{FAE04EC0-301F-11D3-BF4B-00C04F79EFBC}") = "Ecomm_Book_1031.DataAccess", "Ecomm_Book_1031.DataAccess\Ecomm_Book_1031.DataAccess.csproj", "{5565FF8F-22A1-49A0-A0DD-9ADF79D91CF7}"
EndProject
Project("{FAE04EC0-301F-11D3-BF4B-00C04F79EFBC}") = "Ecomm_Book_1031.Utility", "Ecomm_Book_1031.Utility\Ecomm_Book_1031.Utility.csproj", "{1FBD7305-D250-4D35-AB61-0ED2EFF4CF92}"
EndProject
Global
	GlobalSection(SolutionConfigurationPlatforms) = preSolution
		Debug|Any CPU = Debug|Any CPU
		Release|Any CPU = Release|Any CPU
	EndGlobalSection
	GlobalSection(ProjectConfigurationPlatforms) = postSolution
		{4674C8BB-0587-43D2-9CC9-BE68EA919460}.Debug|Any CPU.ActiveCfg = Debug|Any CPU
		{4674C8BB-0587-43D2-9CC9-BE68EA919460}.Debug|Any CPU.Build.0 = Debug|Any CPU
		{4674C8BB-0587-43D2-9CC9-BE68EA919460}.Release|Any CPU.ActiveCfg = Release|Any CPU
		{4674C8BB-0587-43D2-9CC9-BE68EA919460}.Release|Any CPU.Build.0 = Release|Any CPU
		{C8A34457-49A4-41C9-AC67-8F2131C6B5F4}.Debug|Any CPU.ActiveCfg = Debug|Any CPU
		{C8A34457-49A4-41C9-AC67-8F2131C6B5F4}.Debug|Any CPU.Build.0 = Debug|Any CPU
		{C8A34457-49A4-41C9-AC67-8F2131C6B5F4}.Release|Any CPU.ActiveCfg = Release|Any CPU
		{C8A34457-49A4-41C9-AC67-8F2131C6B5F4}.Release|Any CPU.Build.0 = Release|Any CPU
		{5565FF8F-22A1-49A0-A0DD-9ADF79D91CF7}.Debug|Any CPU.ActiveCfg = Debug|Any CPU
		{5565FF8F-22A1-49A0-A0DD-9ADF79D91CF7}.Debug|Any CPU.Build.0 = Debug|Any CPU
		{5565FF8F-22A1-49A0-A0DD-9ADF79D91CF7}.Release|Any CPU.ActiveCfg = Release|Any CPU
		{5565FF8F-22A1-49A0-A0DD-9ADF79D91CF7}.Release|Any CPU.Build.0 = Release|Any CPU
		{1FBD7305-D250-4D35-AB61-0ED2EFF4CF92}.Debug|Any CPU.ActiveCfg = Debug|Any CPU
		{1FBD7305-D250-4D35-AB61-0ED2EFF4CF92}.Debug|Any CPU.Build.0 = Debug|Any CPU
		{1FBD7305-D250-4D35-AB61-0ED2EFF4CF92}.Release|Any CPU.ActiveCfg = Release|Any CPU
		{1FBD7305-D250-4D35-AB61-0ED2EFF4CF92}.Release|Any CPU.Build.0 = Release|Any CPU
	EndGlobalSection
	GlobalSection(SolutionProperties) = preSolution
		HideSolutionNode = FALSE
	EndGlobalSection
	GlobalSection(ExtensibilityGlobals) = postSolution
		SolutionGuid = {2AF6D128-2A9D-4139-81A7-193EBE9553D0}
	EndGlobalSection
EndGlobal
